
Microsoft Visual Studio Solution File, Format Version 12.00
# Visual Studio Version 16
VisualStudioVersion = 16.0.31424.327
MinimumVisualStudioVersion = 10.0.40219.1
Project("{9A19103F-16F7-4668-BE54-9A1E7A4F7556}") = "HotelBooking.Api", "HotelBooking.Api\HotelBooking.Api.csproj", "{50D2DE64-352A-4598-A1C4-6D3D23C092C9}"
EndProject
Project("{9A19103F-16F7-4668-BE54-9A1E7A4F7556}") = "HotelBooking.MongoDBClient", "HotelBooking.MongoDBClient\HotelBooking.MongoDBClient.csproj", "{A54568B6-D9F5-4259-A4D2-61AFBB58DBB3}"
EndProject
Global
	GlobalSection(SolutionConfigurationPlatforms) = preSolution
		Debug|Any CPU = Debug|Any CPU
		Release|Any CPU = Release|Any CPU
	EndGlobalSection
	GlobalSection(ProjectConfigurationPlatforms) = postSolution
		{50D2DE64-352A-4598-A1C4-6D3D23C092C9}.Debug|Any CPU.ActiveCfg = Debug|Any CPU
		{50D2DE64-352A-4598-A1C4-6D3D23C092C9}.Debug|Any CPU.Build.0 = Debug|Any CPU
		{50D2DE64-352A-4598-A1C4-6D3D23C092C9}.Release|Any CPU.ActiveCfg = Release|Any CPU
		{50D2DE64-352A-4598-A1C4-6D3D23C092C9}.Release|Any CPU.Build.0 = Release|Any CPU
		{A54568B6-D9F5-4259-A4D2-61AFBB58DBB3}.Debug|Any CPU.ActiveCfg = Debug|Any CPU
		{A54568B6-D9F5-4259-A4D2-61AFBB58DBB3}.Debug|Any CPU.Build.0 = Debug|Any CPU
		{A54568B6-D9F5-4259-A4D2-61AFBB58DBB3}.Release|Any CPU.ActiveCfg = Release|Any CPU
		{A54568B6-D9F5-4259-A4D2-61AFBB58DBB3}.Release|Any CPU.Build.0 = Release|Any CPU
	EndGlobalSection
	GlobalSection(SolutionProperties) = preSolution
		HideSolutionNode = FALSE
	EndGlobalSection
	GlobalSection(ExtensibilityGlobals) = postSolution
		SolutionGuid = {DE584535-4390-4908-8499-A791949D2654}
	EndGlobalSection
EndGlobal
